
Microsoft Visual Studio Solution File, Format Version 12.00
# Visual Studio Version 17
VisualStudioVersion = 17.10.34916.146
MinimumVisualStudioVersion = 10.0.40219.1
Project("{FAE04EC0-301F-11D3-BF4B-00C04F79EFBC}") = "RCF.Modulum.Infrastructure", "RCF.Modulum.Infrastructure.csproj", "{74057734-E0DB-42EC-917E-981E4E64318C}"
EndProject
Global
	GlobalSection(SolutionConfigurationPlatforms) = preSolution
		Debug|Any CPU = Debug|Any CPU
		Release|Any CPU = Release|Any CPU
	EndGlobalSection
	GlobalSection(ProjectConfigurationPlatforms) = postSolution
		{74057734-E0DB-42EC-917E-981E4E64318C}.Debug|Any CPU.ActiveCfg = Debug|Any CPU
		{74057734-E0DB-42EC-917E-981E4E64318C}.Debug|Any CPU.Build.0 = Debug|Any CPU
		{74057734-E0DB-42EC-917E-981E4E64318C}.Release|Any CPU.ActiveCfg = Release|Any CPU
		{74057734-E0DB-42EC-917E-981E4E64318C}.Release|Any CPU.Build.0 = Release|Any CPU
	EndGlobalSection
	GlobalSection(SolutionProperties) = preSolution
		HideSolutionNode = FALSE
	EndGlobalSection
	GlobalSection(ExtensibilityGlobals) = postSolution
		SolutionGuid = {0DE935D8-0571-4AFE-B20D-1A90E8D7A537}
	EndGlobalSection
EndGlobal
